// !$*UTF8*$!
{
	archiveVersion = 1;
	classes = {
	};
	objectVersion = 46;
	objects = {

/* Begin PBXBuildFile section */
		6315FCE91E73C95F00845F46 /* WeatherService.swift in Sources */ = {isa = PBXBuildFile; fileRef = 6315FCE81E73C95F00845F46 /* WeatherService.swift */; };
		6315FCF31E73D2E100845F46 /* Clouds.swift in Sources */ = {isa = PBXBuildFile; fileRef = 6315FCEC1E73D2E100845F46 /* Clouds.swift */; };
		6315FCF41E73D2E100845F46 /* Coord.swift in Sources */ = {isa = PBXBuildFile; fileRef = 6315FCED1E73D2E100845F46 /* Coord.swift */; };
		6315FCF51E73D2E100845F46 /* WeatherDetail.swift in Sources */ = {isa = PBXBuildFile; fileRef = 6315FCEE1E73D2E100845F46 /* WeatherDetail.swift */; };
		6315FCF61E73D2E100845F46 /* Main.swift in Sources */ = {isa = PBXBuildFile; fileRef = 6315FCEF1E73D2E100845F46 /* Main.swift */; };
		6315FCF71E73D2E100845F46 /* Sys.swift in Sources */ = {isa = PBXBuildFile; fileRef = 6315FCF01E73D2E100845F46 /* Sys.swift */; };
		6315FCF81E73D2E100845F46 /* Weather.swift in Sources */ = {isa = PBXBuildFile; fileRef = 6315FCF11E73D2E100845F46 /* Weather.swift */; };
		6315FCF91E73D2E100845F46 /* Wind.swift in Sources */ = {isa = PBXBuildFile; fileRef = 6315FCF21E73D2E100845F46 /* Wind.swift */; };
		632E6D621E73B5940087F1ED /* WeatherDayViewCell.swift in Sources */ = {isa = PBXBuildFile; fileRef = 632E6D611E73B5940087F1ED /* WeatherDayViewCell.swift */; };
		639396DD1E7384EB00F9116E /* AppDelegate.swift in Sources */ = {isa = PBXBuildFile; fileRef = 639396DC1E7384EB00F9116E /* AppDelegate.swift */; };
		639396DF1E7384EB00F9116E /* WeatherViewController.swift in Sources */ = {isa = PBXBuildFile; fileRef = 639396DE1E7384EB00F9116E /* WeatherViewController.swift */; };
		639396E21E7384EB00F9116E /* Main.storyboard in Resources */ = {isa = PBXBuildFile; fileRef = 639396E01E7384EB00F9116E /* Main.storyboard */; };
		639396E41E7384EB00F9116E /* Assets.xcassets in Resources */ = {isa = PBXBuildFile; fileRef = 639396E31E7384EB00F9116E /* Assets.xcassets */; };
		639396E71E7384EB00F9116E /* LaunchScreen.storyboard in Resources */ = {isa = PBXBuildFile; fileRef = 639396E51E7384EB00F9116E /* LaunchScreen.storyboard */; };
		639396F21E7384EB00F9116E /* OpenWeatherTests.swift in Sources */ = {isa = PBXBuildFile; fileRef = 639396F11E7384EB00F9116E /* OpenWeatherTests.swift */; };
		63D635961E74348D00C30531 /* WeatherInfo.swift in Sources */ = {isa = PBXBuildFile; fileRef = 63D635951E74348D00C30531 /* WeatherInfo.swift */; };
		63D635991E743E7200C30531 /* CommonUtils.swift in Sources */ = {isa = PBXBuildFile; fileRef = 63D635981E743E7200C30531 /* CommonUtils.swift */; };
		63D6359D1E74448A00C30531 /* DataService.swift in Sources */ = {isa = PBXBuildFile; fileRef = 63D6359C1E74448A00C30531 /* DataService.swift */; };
		63D635A01E7452D000C30531 /* Search-50.png in Resources */ = {isa = PBXBuildFile; fileRef = 63D6359F1E7452D000C30531 /* Search-50.png */; };
		63D635A61E7494D400C30531 /* weather_launch.png in Resources */ = {isa = PBXBuildFile; fileRef = 63D635A51E7494D400C30531 /* weather_launch.png */; };
/* End PBXBuildFile section */

/* Begin PBXContainerItemProxy section */
		639396EE1E7384EB00F9116E /* PBXContainerItemProxy */ = {
			isa = PBXContainerItemProxy;
			containerPortal = 639396D11E7384EB00F9116E /* Project object */;
			proxyType = 1;
			remoteGlobalIDString = 639396D81E7384EB00F9116E;
			remoteInfo = OpenWeather;
		};
/* End PBXContainerItemProxy section */

/* Begin PBXFileReference section */
		6315FCE81E73C95F00845F46 /* WeatherService.swift */ = {isa = PBXFileReference; fileEncoding = 4; lastKnownFileType = sourcecode.swift; path = WeatherService.swift; sourceTree = "<group>"; };
		6315FCEC1E73D2E100845F46 /* Clouds.swift */ = {isa = PBXFileReference; fileEncoding = 4; lastKnownFileType = sourcecode.swift; path = Clouds.swift; sourceTree = "<group>"; };
		6315FCED1E73D2E100845F46 /* Coord.swift */ = {isa = PBXFileReference; fileEncoding = 4; lastKnownFileType = sourcecode.swift; path = Coord.swift; sourceTree = "<group>"; };
		6315FCEE1E73D2E100845F46 /* WeatherDetail.swift */ = {isa = PBXFileReference; fileEncoding = 4; lastKnownFileType = sourcecode.swift; path = WeatherDetail.swift; sourceTree = "<group>"; };
		6315FCEF1E73D2E100845F46 /* Main.swift */ = {isa = PBXFileReference; fileEncoding = 4; lastKnownFileType = sourcecode.swift; path = Main.swift; sourceTree = "<group>"; };
		6315FCF01E73D2E100845F46 /* Sys.swift */ = {isa = PBXFileReference; fileEncoding = 4; lastKnownFileType = sourcecode.swift; path = Sys.swift; sourceTree = "<group>"; };
		6315FCF11E73D2E100845F46 /* Weather.swift */ = {isa = PBXFileReference; fileEncoding = 4; lastKnownFileType = sourcecode.swift; path = Weather.swift; sourceTree = "<group>"; };
		6315FCF21E73D2E100845F46 /* Wind.swift */ = {isa = PBXFileReference; fileEncoding = 4; lastKnownFileType = sourcecode.swift; path = Wind.swift; sourceTree = "<group>"; };
		632E6D611E73B5940087F1ED /* WeatherDayViewCell.swift */ = {isa = PBXFileReference; fileEncoding = 4; lastKnownFileType = sourcecode.swift; path = WeatherDayViewCell.swift; sourceTree = "<group>"; };
		639396D91E7384EB00F9116E /* OpenWeather.app */ = {isa = PBXFileReference; explicitFileType = wrapper.application; includeInIndex = 0; path = OpenWeather.app; sourceTree = BUILT_PRODUCTS_DIR; };
		639396DC1E7384EB00F9116E /* AppDelegate.swift */ = {isa = PBXFileReference; lastKnownFileType = sourcecode.swift; path = AppDelegate.swift; sourceTree = "<group>"; };
		639396DE1E7384EB00F9116E /* WeatherViewController.swift */ = {isa = PBXFileReference; lastKnownFileType = sourcecode.swift; path = WeatherViewController.swift; sourceTree = "<group>"; };
		639396E11E7384EB00F9116E /* Base */ = {isa = PBXFileReference; lastKnownFileType = file.storyboard; name = Base; path = Base.lproj/Main.storyboard; sourceTree = "<group>"; };
		639396E31E7384EB00F9116E /* Assets.xcassets */ = {isa = PBXFileReference; lastKnownFileType = folder.assetcatalog; path = Assets.xcassets; sourceTree = "<group>"; };
		639396E61E7384EB00F9116E /* Base */ = {isa = PBXFileReference; lastKnownFileType = file.storyboard; name = Base; path = Base.lproj/LaunchScreen.storyboard; sourceTree = "<group>"; };
		639396E81E7384EB00F9116E /* Info.plist */ = {isa = PBXFileReference; lastKnownFileType = text.plist.xml; path = Info.plist; sourceTree = "<group>"; };
		639396ED1E7384EB00F9116E /* OpenWeatherTests.xctest */ = {isa = PBXFileReference; explicitFileType = wrapper.cfbundle; includeInIndex = 0; path = OpenWeatherTests.xctest; sourceTree = BUILT_PRODUCTS_DIR; };
		639396F11E7384EB00F9116E /* OpenWeatherTests.swift */ = {isa = PBXFileReference; lastKnownFileType = sourcecode.swift; path = OpenWeatherTests.swift; sourceTree = "<group>"; };
		639396F31E7384EB00F9116E /* Info.plist */ = {isa = PBXFileReference; lastKnownFileType = text.plist.xml; path = Info.plist; sourceTree = "<group>"; };
		63D635951E74348D00C30531 /* WeatherInfo.swift */ = {isa = PBXFileReference; fileEncoding = 4; lastKnownFileType = sourcecode.swift; path = WeatherInfo.swift; sourceTree = "<group>"; };
		63D635981E743E7200C30531 /* CommonUtils.swift */ = {isa = PBXFileReference; fileEncoding = 4; lastKnownFileType = sourcecode.swift; path = CommonUtils.swift; sourceTree = "<group>"; };
		63D6359C1E74448A00C30531 /* DataService.swift */ = {isa = PBXFileReference; fileEncoding = 4; lastKnownFileType = sourcecode.swift; path = DataService.swift; sourceTree = "<group>"; };
		63D6359F1E7452D000C30531 /* Search-50.png */ = {isa = PBXFileReference; lastKnownFileType = image.png; path = "Search-50.png"; sourceTree = "<group>"; };
		63D635A51E7494D400C30531 /* weather_launch.png */ = {isa = PBXFileReference; lastKnownFileType = image.png; path = weather_launch.png; sourceTree = "<group>"; };
/* End PBXFileReference section */

/* Begin PBXFrameworksBuildPhase section */
		639396D61E7384EB00F9116E /* Frameworks */ = {
			isa = PBXFrameworksBuildPhase;
			buildActionMask = 2147483647;
			files = (
			);
			runOnlyForDeploymentPostprocessing = 0;
		};
		639396EA1E7384EB00F9116E /* Frameworks */ = {
			isa = PBXFrameworksBuildPhase;
			buildActionMask = 2147483647;
			files = (
			);
			runOnlyForDeploymentPostprocessing = 0;
		};
/* End PBXFrameworksBuildPhase section */

/* Begin PBXGroup section */
		632E6D631E73BC8E0087F1ED /* Model */ = {
			isa = PBXGroup;
			children = (
				6315FCEC1E73D2E100845F46 /* Clouds.swift */,
				6315FCED1E73D2E100845F46 /* Coord.swift */,
				6315FCEE1E73D2E100845F46 /* WeatherDetail.swift */,
				6315FCEF1E73D2E100845F46 /* Main.swift */,
				6315FCF01E73D2E100845F46 /* Sys.swift */,
				6315FCF11E73D2E100845F46 /* Weather.swift */,
				6315FCF21E73D2E100845F46 /* Wind.swift */,
				63D635951E74348D00C30531 /* WeatherInfo.swift */,
			);
			name = Model;
			sourceTree = "<group>";
		};
		632E6D641E73BC990087F1ED /* Service */ = {
			isa = PBXGroup;
			children = (
				6315FCE81E73C95F00845F46 /* WeatherService.swift */,
				63D6359C1E74448A00C30531 /* DataService.swift */,
			);
			name = Service;
			sourceTree = "<group>";
		};
		639396D01E7384EB00F9116E = {
			isa = PBXGroup;
			children = (
				639396DB1E7384EB00F9116E /* OpenWeather */,
				639396F01E7384EB00F9116E /* OpenWeatherTests */,
				639396DA1E7384EB00F9116E /* Products */,
			);
			sourceTree = "<group>";
		};
		639396DA1E7384EB00F9116E /* Products */ = {
			isa = PBXGroup;
			children = (
				639396D91E7384EB00F9116E /* OpenWeather.app */,
				639396ED1E7384EB00F9116E /* OpenWeatherTests.xctest */,
			);
			name = Products;
			sourceTree = "<group>";
		};
		639396DB1E7384EB00F9116E /* OpenWeather */ = {
			isa = PBXGroup;
			children = (
				63D6359E1E7452C300C30531 /* resources */,
				63D635971E743E5900C30531 /* Utils */,
				632E6D641E73BC990087F1ED /* Service */,
				632E6D631E73BC8E0087F1ED /* Model */,
				639396DC1E7384EB00F9116E /* AppDelegate.swift */,
				639396DE1E7384EB00F9116E /* WeatherViewController.swift */,
				639396E01E7384EB00F9116E /* Main.storyboard */,
				639396E31E7384EB00F9116E /* Assets.xcassets */,
				639396E51E7384EB00F9116E /* LaunchScreen.storyboard */,
				639396E81E7384EB00F9116E /* Info.plist */,
				632E6D611E73B5940087F1ED /* WeatherDayViewCell.swift */,
			);
			path = OpenWeather;
			sourceTree = "<group>";
		};
		639396F01E7384EB00F9116E /* OpenWeatherTests */ = {
			isa = PBXGroup;
			children = (
				639396F11E7384EB00F9116E /* OpenWeatherTests.swift */,
				639396F31E7384EB00F9116E /* Info.plist */,
			);
			path = OpenWeatherTests;
			sourceTree = "<group>";
		};
		63D635971E743E5900C30531 /* Utils */ = {
			isa = PBXGroup;
			children = (
				63D635981E743E7200C30531 /* CommonUtils.swift */,
			);
			name = Utils;
			sourceTree = "<group>";
		};
		63D6359E1E7452C300C30531 /* resources */ = {
			isa = PBXGroup;
			children = (
				63D635A51E7494D400C30531 /* weather_launch.png */,
				63D6359F1E7452D000C30531 /* Search-50.png */,
			);
			name = resources;
			sourceTree = "<group>";
		};
/* End PBXGroup section */

/* Begin PBXNativeTarget section */
		639396D81E7384EB00F9116E /* OpenWeather */ = {
			isa = PBXNativeTarget;
			buildConfigurationList = 639396F61E7384EB00F9116E /* Build configuration list for PBXNativeTarget "OpenWeather" */;
			buildPhases = (
				639396D51E7384EB00F9116E /* Sources */,
				639396D61E7384EB00F9116E /* Frameworks */,
				639396D71E7384EB00F9116E /* Resources */,
			);
			buildRules = (
			);
			dependencies = (
			);
			name = OpenWeather;
			productName = OpenWeather;
			productReference = 639396D91E7384EB00F9116E /* OpenWeather.app */;
			productType = "com.apple.product-type.application";
		};
		639396EC1E7384EB00F9116E /* OpenWeatherTests */ = {
			isa = PBXNativeTarget;
			buildConfigurationList = 639396F91E7384EB00F9116E /* Build configuration list for PBXNativeTarget "OpenWeatherTests" */;
			buildPhases = (
				639396E91E7384EB00F9116E /* Sources */,
				639396EA1E7384EB00F9116E /* Frameworks */,
				639396EB1E7384EB00F9116E /* Resources */,
			);
			buildRules = (
			);
			dependencies = (
				639396EF1E7384EB00F9116E /* PBXTargetDependency */,
			);
			name = OpenWeatherTests;
			productName = OpenWeatherTests;
			productReference = 639396ED1E7384EB00F9116E /* OpenWeatherTests.xctest */;
			productType = "com.apple.product-type.bundle.unit-test";
		};
/* End PBXNativeTarget section */

/* Begin PBXProject section */
		639396D11E7384EB00F9116E /* Project object */ = {
			isa = PBXProject;
			attributes = {
				LastSwiftUpdateCheck = 0800;
				LastUpgradeCheck = 0800;
				ORGANIZATIONNAME = "Karthikeyan Gopal";
				TargetAttributes = {
					639396D81E7384EB00F9116E = {
						CreatedOnToolsVersion = 8.0;
						ProvisioningStyle = Automatic;
					};
					639396EC1E7384EB00F9116E = {
						CreatedOnToolsVersion = 8.0;
						ProvisioningStyle = Automatic;
						TestTargetID = 639396D81E7384EB00F9116E;
					};
				};
			};
			buildConfigurationList = 639396D41E7384EB00F9116E /* Build configuration list for PBXProject "OpenWeather" */;
			compatibilityVersion = "Xcode 3.2";
			developmentRegion = English;
			hasScannedForEncodings = 0;
			knownRegions = (
				en,
				Base,
			);
			mainGroup = 639396D01E7384EB00F9116E;
			productRefGroup = 639396DA1E7384EB00F9116E /* Products */;
			projectDirPath = "";
			projectRoot = "";
			targets = (
				639396D81E7384EB00F9116E /* OpenWeather */,
				639396EC1E7384EB00F9116E /* OpenWeatherTests */,
			);
		};
/* End PBXProject section */

/* Begin PBXResourcesBuildPhase section */
		639396D71E7384EB00F9116E /* Resources */ = {
			isa = PBXResourcesBuildPhase;
			buildActionMask = 2147483647;
			files = (
				63D635A61E7494D400C30531 /* weather_launch.png in Resources */,
				63D635A01E7452D000C30531 /* Search-50.png in Resources */,
				639396E71E7384EB00F9116E /* LaunchScreen.storyboard in Resources */,
				639396E41E7384EB00F9116E /* Assets.xcassets in Resources */,
				639396E21E7384EB00F9116E /* Main.storyboard in Resources */,
			);
			runOnlyForDeploymentPostprocessing = 0;
		};
		639396EB1E7384EB00F9116E /* Resources */ = {
			isa = PBXResourcesBuildPhase;
			buildActionMask = 2147483647;
			files = (
			);
			runOnlyForDeploymentPostprocessing = 0;
		};
/* End PBXResourcesBuildPhase section */

/* Begin PBXSourcesBuildPhase section */
		639396D51E7384EB00F9116E /* Sources */ = {
			isa = PBXSourcesBuildPhase;
			buildActionMask = 2147483647;
			files = (
				63D635991E743E7200C30531 /* CommonUtils.swift in Sources */,
				63D6359D1E74448A00C30531 /* DataService.swift in Sources */,
				6315FCF61E73D2E100845F46 /* Main.swift in Sources */,
				6315FCF41E73D2E100845F46 /* Coord.swift in Sources */,
				6315FCE91E73C95F00845F46 /* WeatherService.swift in Sources */,
				6315FCF81E73D2E100845F46 /* Weather.swift in Sources */,
				632E6D621E73B5940087F1ED /* WeatherDayViewCell.swift in Sources */,
				6315FCF71E73D2E100845F46 /* Sys.swift in Sources */,
				6315FCF31E73D2E100845F46 /* Clouds.swift in Sources */,
				6315FCF51E73D2E100845F46 /* WeatherDetail.swift in Sources */,
				63D635961E74348D00C30531 /* WeatherInfo.swift in Sources */,
				639396DF1E7384EB00F9116E /* WeatherViewController.swift in Sources */,
				639396DD1E7384EB00F9116E /* AppDelegate.swift in Sources */,
				6315FCF91E73D2E100845F46 /* Wind.swift in Sources */,
			);
			runOnlyForDeploymentPostprocessing = 0;
		};
		639396E91E7384EB00F9116E /* Sources */ = {
			isa = PBXSourcesBuildPhase;
			buildActionMask = 2147483647;
			files = (
				639396F21E7384EB00F9116E /* OpenWeatherTests.swift in Sources */,
			);
			runOnlyForDeploymentPostprocessing = 0;
		};
/* End PBXSourcesBuildPhase section */

/* Begin PBXTargetDependency section */
		639396EF1E7384EB00F9116E /* PBXTargetDependency */ = {
			isa = PBXTargetDependency;
			target = 639396D81E7384EB00F9116E /* OpenWeather */;
			targetProxy = 639396EE1E7384EB00F9116E /* PBXContainerItemProxy */;
		};
/* End PBXTargetDependency section */

/* Begin PBXVariantGroup section */
		639396E01E7384EB00F9116E /* Main.storyboard */ = {
			isa = PBXVariantGroup;
			children = (
				639396E11E7384EB00F9116E /* Base */,
			);
			name = Main.storyboard;
			sourceTree = "<group>";
		};
		639396E51E7384EB00F9116E /* LaunchScreen.storyboard */ = {
			isa = PBXVariantGroup;
			children = (
				639396E61E7384EB00F9116E /* Base */,
			);
			name = LaunchScreen.storyboard;
			sourceTree = "<group>";
		};
/* End PBXVariantGroup section */

/* Begin XCBuildConfiguration section */
		639396F41E7384EB00F9116E /* Debug */ = {
			isa = XCBuildConfiguration;
			buildSettings = {
				ALWAYS_SEARCH_USER_PATHS = NO;
				CLANG_ANALYZER_NONNULL = YES;
				CLANG_CXX_LANGUAGE_STANDARD = "gnu++0x";
				CLANG_CXX_LIBRARY = "libc++";
				CLANG_ENABLE_MODULES = YES;
				CLANG_ENABLE_OBJC_ARC = YES;
				CLANG_WARN_BOOL_CONVERSION = YES;
				CLANG_WARN_CONSTANT_CONVERSION = YES;
				CLANG_WARN_DIRECT_OBJC_ISA_USAGE = YES_ERROR;
				CLANG_WARN_DOCUMENTATION_COMMENTS = YES;
				CLANG_WARN_EMPTY_BODY = YES;
				CLANG_WARN_ENUM_CONVERSION = YES;
				CLANG_WARN_INFINITE_RECURSION = YES;
				CLANG_WARN_INT_CONVERSION = YES;
				CLANG_WARN_OBJC_ROOT_CLASS = YES_ERROR;
				CLANG_WARN_SUSPICIOUS_MOVES = YES;
				CLANG_WARN_UNREACHABLE_CODE = YES;
				CLANG_WARN__DUPLICATE_METHOD_MATCH = YES;
				"CODE_SIGN_IDENTITY[sdk=iphoneos*]" = "iPhone Developer";
				COPY_PHASE_STRIP = NO;
				DEBUG_INFORMATION_FORMAT = dwarf;
				ENABLE_STRICT_OBJC_MSGSEND = YES;
				ENABLE_TESTABILITY = YES;
				GCC_C_LANGUAGE_STANDARD = gnu99;
				GCC_DYNAMIC_NO_PIC = NO;
				GCC_NO_COMMON_BLOCKS = YES;
				GCC_OPTIMIZATION_LEVEL = 0;
				GCC_PREPROCESSOR_DEFINITIONS = (
					"DEBUG=1",
					"$(inherited)",
				);
				GCC_WARN_64_TO_32_BIT_CONVERSION = YES;
				GCC_WARN_ABOUT_RETURN_TYPE = YES_ERROR;
				GCC_WARN_UNDECLARED_SELECTOR = YES;
				GCC_WARN_UNINITIALIZED_AUTOS = YES_AGGRESSIVE;
				GCC_WARN_UNUSED_FUNCTION = YES;
				GCC_WARN_UNUSED_VARIABLE = YES;
				IPHONEOS_DEPLOYMENT_TARGET = 10.0;
				MTL_ENABLE_DEBUG_INFO = YES;
				ONLY_ACTIVE_ARCH = YES;
				SDKROOT = iphoneos;
				SWIFT_ACTIVE_COMPILATION_CONDITIONS = DEBUG;
				SWIFT_OPTIMIZATION_LEVEL = "-Onone";
				TARGETED_DEVICE_FAMILY = "1,2";
			};
			name = Debug;
		};
		639396F51E7384EB00F9116E /* Release */ = {
			isa = XCBuildConfiguration;
			buildSettings = {
				ALWAYS_SEARCH_USER_PATHS = NO;
				CLANG_ANALYZER_NONNULL = YES;
				CLANG_CXX_LANGUAGE_STANDARD = "gnu++0x";
				CLANG_CXX_LIBRARY = "libc++";
				CLANG_ENABLE_MODULES = YES;
				CLANG_ENABLE_OBJC_ARC = YES;
				CLANG_WARN_BOOL_CONVERSION = YES;
				CLANG_WARN_CONSTANT_CONVERSION = YES;
				CLANG_WARN_DIRECT_OBJC_ISA_USAGE = YES_ERROR;
				CLANG_WARN_DOCUMENTATION_COMMENTS = YES;
				CLANG_WARN_EMPTY_BODY = YES;
				CLANG_WARN_ENUM_CONVERSION = YES;
				CLANG_WARN_INFINITE_RECURSION = YES;
				CLANG_WARN_INT_CONVERSION = YES;
				CLANG_WARN_OBJC_ROOT_CLASS = YES_ERROR;
				CLANG_WARN_SUSPICIOUS_MOVES = YES;
				CLANG_WARN_UNREACHABLE_CODE = YES;
				CLANG_WARN__DUPLICATE_METHOD_MATCH = YES;
				"CODE_SIGN_IDENTITY[sdk=iphoneos*]" = "iPhone Developer";
				COPY_PHASE_STRIP = NO;
				DEBUG_INFORMATION_FORMAT = "dwarf-with-dsym";
				ENABLE_NS_ASSERTIONS = NO;
				ENABLE_STRICT_OBJC_MSGSEND = YES;
				GCC_C_LANGUAGE_STANDARD = gnu99;
				GCC_NO_COMMON_BLOCKS = YES;
				GCC_WARN_64_TO_32_BIT_CONVERSION = YES;
				GCC_WARN_ABOUT_RETURN_TYPE = YES_ERROR;
				GCC_WARN_UNDECLARED_SELECTOR = YES;
				GCC_WARN_UNINITIALIZED_AUTOS = YES_AGGRESSIVE;
				GCC_WARN_UNUSED_FUNCTION = YES;
				GCC_WARN_UNUSED_VARIABLE = YES;
				IPHONEOS_DEPLOYMENT_TARGET = 10.0;
				MTL_ENABLE_DEBUG_INFO = NO;
				SDKROOT = iphoneos;
				SWIFT_OPTIMIZATION_LEVEL = "-Owholemodule";
				TARGETED_DEVICE_FAMILY = "1,2";
				VALIDATE_PRODUCT = YES;
			};
			name = Release;
		};
		639396F71E7384EB00F9116E /* Debug */ = {
			isa = XCBuildConfiguration;
			buildSettings = {
				ASSETCATALOG_COMPILER_APPICON_NAME = AppIcon;
				INFOPLIST_FILE = OpenWeather/Info.plist;
				LD_RUNPATH_SEARCH_PATHS = "$(inherited) @executable_path/Frameworks";
				PRODUCT_BUNDLE_IDENTIFIER = com.test.OpenWeather;
				PRODUCT_NAME = "$(TARGET_NAME)";
				SWIFT_VERSION = 3.0;
			};
			name = Debug;
		};
		639396F81E7384EB00F9116E /* Release */ = {
			isa = XCBuildConfiguration;
			buildSettings = {
				ASSETCATALOG_COMPILER_APPICON_NAME = AppIcon;
				INFOPLIST_FILE = OpenWeather/Info.plist;
				LD_RUNPATH_SEARCH_PATHS = "$(inherited) @executable_path/Frameworks";
				PRODUCT_BUNDLE_IDENTIFIER = com.test.OpenWeather;
				PRODUCT_NAME = "$(TARGET_NAME)";
				SWIFT_VERSION = 3.0;
			};
			name = Release;
		};
		639396FA1E7384EB00F9116E /* Debug */ = {
			isa = XCBuildConfiguration;
			buildSettings = {
				ALWAYS_EMBED_SWIFT_STANDARD_LIBRARIES = YES;
				BUNDLE_LOADER = "$(TEST_HOST)";
				INFOPLIST_FILE = OpenWeatherTests/Info.plist;
				LD_RUNPATH_SEARCH_PATHS = "$(inherited) @executable_path/Frameworks @loader_path/Frameworks";
				PRODUCT_BUNDLE_IDENTIFIER = com.test.OpenWeatherTests;
				PRODUCT_NAME = "$(TARGET_NAME)";
				SWIFT_VERSION = 3.0;
				TEST_HOST = "$(BUILT_PRODUCTS_DIR)/OpenWeather.app/OpenWeather";
			};
			name = Debug;
		};
		639396FB1E7384EB00F9116E /* Release */ = {
			isa = XCBuildConfiguration;
			buildSettings = {
				ALWAYS_EMBED_SWIFT_STANDARD_LIBRARIES = YES;
				BUNDLE_LOADER = "$(TEST_HOST)";
				INFOPLIST_FILE = OpenWeatherTests/Info.plist;
				LD_RUNPATH_SEARCH_PATHS = "$(inherited) @executable_path/Frameworks @loader_path/Frameworks";
				PRODUCT_BUNDLE_IDENTIFIER = com.test.OpenWeatherTests;
				PRODUCT_NAME = "$(TARGET_NAME)";
				SWIFT_VERSION = 3.0;
				TEST_HOST = "$(BUILT_PRODUCTS_DIR)/OpenWeather.app/OpenWeather";
			};
			name = Release;
		};
/* End XCBuildConfiguration section */

/* Begin XCConfigurationList section */
		639396D41E7384EB00F9116E /* Build configuration list for PBXProject "OpenWeather" */ = {
			isa = XCConfigurationList;
			buildConfigurations = (
				639396F41E7384EB00F9116E /* Debug */,
				639396F51E7384EB00F9116E /* Release */,
			);
			defaultConfigurationIsVisible = 0;
			defaultConfigurationName = Release;
		};
		639396F61E7384EB00F9116E /* Build configuration list for PBXNativeTarget "OpenWeather" */ = {
			isa = XCConfigurationList;
			buildConfigurations = (
				639396F71E7384EB00F9116E /* Debug */,
				639396F81E7384EB00F9116E /* Release */,
			);
			defaultConfigurationIsVisible = 0;
			defaultConfigurationName = Release;
		};
		639396F91E7384EB00F9116E /* Build configuration list for PBXNativeTarget "OpenWeatherTests" */ = {
			isa = XCConfigurationList;
			buildConfigurations = (
				639396FA1E7384EB00F9116E /* Debug */,
				639396FB1E7384EB00F9116E /* Release */,
			);
			defaultConfigurationIsVisible = 0;
			defaultConfigurationName = Release;
		};
/* End XCConfigurationList section */
	};
	rootObject = 639396D11E7384EB00F9116E /* Project object */;
}
